
Microsoft Visual Studio Solution File, Format Version 12.00
# Visual Studio Version 17
VisualStudioVersion = 17.3.32819.101
MinimumVisualStudioVersion = 10.0.40219.1
Project("{FAE04EC0-301F-11D3-BF4B-00C04F79EFBC}") = "logowanie", "logowanie\logowanie.csproj", "{3EF8206B-74BA-4B6B-AD16-3E235AA4A4FB}"
EndProject
Global
	GlobalSection(SolutionConfigurationPlatforms) = preSolution
		Debug|Any CPU = Debug|Any CPU
		Release|Any CPU = Release|Any CPU
	EndGlobalSection
	GlobalSection(ProjectConfigurationPlatforms) = postSolution
		{3EF8206B-74BA-4B6B-AD16-3E235AA4A4FB}.Debug|Any CPU.ActiveCfg = Debug|Any CPU
		{3EF8206B-74BA-4B6B-AD16-3E235AA4A4FB}.Debug|Any CPU.Build.0 = Debug|Any CPU
		{3EF8206B-74BA-4B6B-AD16-3E235AA4A4FB}.Release|Any CPU.ActiveCfg = Release|Any CPU
		{3EF8206B-74BA-4B6B-AD16-3E235AA4A4FB}.Release|Any CPU.Build.0 = Release|Any CPU
	EndGlobalSection
	GlobalSection(SolutionProperties) = preSolution
		HideSolutionNode = FALSE
	EndGlobalSection
	GlobalSection(ExtensibilityGlobals) = postSolution
		SolutionGuid = {AF96D91C-750C-4832-85F1-C463F6FCFCDD}
	EndGlobalSection
EndGlobal
